{
    "_readme": [
        "This file locks the dependencies of your project to a known state",
        "Read more about it at https://getcomposer.org/doc/01-basic-usage.md#composer-lock-the-lock-file",
        "This file is @generated automatically"
    ],
    "hash": "bb947e0ee6018b6731254891eac0603b",
    "content-hash": "6d0ca1a7393109ac02a90562e22b7411",
    "packages": [
        {
            "name": "kidino/billplz",
            "version": "v0.1.1",
            "source": {
                "type": "git",
                "url": "https://github.com/kidino/billplz.git",
                "reference": "8f76d3ea50f06a9c22ad0b381c4ddb4288795dae"
            },
            "dist": {
                "type": "zip",
                "url": "https://api.github.com/repos/kidino/billplz/zipball/8f76d3ea50f06a9c22ad0b381c4ddb4288795dae",
                "reference": "8f76d3ea50f06a9c22ad0b381c4ddb4288795dae",
                "shasum": ""
            },
            "type": "library",
            "autoload": {
                "psr-0": {
                    "Kidino\\Billplz": "src"
                }
            },
            "notification-url": "https://packagist.org/downloads/",
            "license": [
                "MIT"
            ],
            "authors": [
                {
                    "name": "Iszuddin Ismail",
                    "email": "dino@websegera.my"
                }
            ],
            "description": "PHP library for BillPlz API, Malaysia's online payment",
            "homepage": "https://github.com/kidino/billplz",
            "keywords": [
                "Malaysia",
                "api",
                "billplz"
            ],
            "time": "2016-01-02 11:52:02"
        }
    ],
    "packages-dev": [],
    "aliases": [],
    "minimum-stability": "stable",
    "stability-flags": [],
    "prefer-stable": false,
    "prefer-lowest": false,
    "platform": [],
    "platform-dev": []
}
